# This file is generated by running "yarn install" inside your project.
# Manual changes might be lost - proceed with caution!

__metadata:
  version: 6
  cacheKey: 8

"@esbuild/android-arm@npm:0.15.12":
  version: 0.15.12
  resolution: "@esbuild/android-arm@npm:0.15.12"
  conditions: os=android & cpu=arm
  languageName: node
  linkType: hard

"@esbuild/linux-loong64@npm:0.15.12":
  version: 0.15.12
  resolution: "@esbuild/linux-loong64@npm:0.15.12"
  conditions: os=linux & cpu=loong64
  languageName: node
  linkType: hard

"@prettier/is-es5-identifier-name@workspace:.":
  version: 0.0.0-use.local
  resolution: "@prettier/is-es5-identifier-name@workspace:."
  dependencies:
    esbuild: 0.15.12
    esutils: 2.0.3
    prettier: 2.7.1
    regenerate: 1.4.2
    unicode-9.0.0: 0.7.5
  languageName: unknown
  linkType: soft

"esbuild-android-64@npm:0.15.12":
  version: 0.15.12
  resolution: "esbuild-android-64@npm:0.15.12"
  conditions: os=android & cpu=x64
  languageName: node
  linkType: hard

"esbuild-android-arm64@npm:0.15.12":
  version: 0.15.12
  resolution: "esbuild-android-arm64@npm:0.15.12"
  conditions: os=android & cpu=arm64
  languageName: node
  linkType: hard

"esbuild-darwin-64@npm:0.15.12":
  version: 0.15.12
  resolution: "esbuild-darwin-64@npm:0.15.12"
  conditions: os=darwin & cpu=x64
  languageName: node
  linkType: hard

"esbuild-darwin-arm64@npm:0.15.12":
  version: 0.15.12
  resolution: "esbuild-darwin-arm64@npm:0.15.12"
  conditions: os=darwin & cpu=arm64
  languageName: node
  linkType: hard

"esbuild-freebsd-64@npm:0.15.12":
  version: 0.15.12
  resolution: "esbuild-freebsd-64@npm:0.15.12"
  conditions: os=freebsd & cpu=x64
  languageName: node
  linkType: hard

"esbuild-freebsd-arm64@npm:0.15.12":
  version: 0.15.12
  resolution: "esbuild-freebsd-arm64@npm:0.15.12"
  conditions: os=freebsd & cpu=arm64
  languageName: node
  linkType: hard

"esbuild-linux-32@npm:0.15.12":
  version: 0.15.12
  resolution: "esbuild-linux-32@npm:0.15.12"
  conditions: os=linux & cpu=ia32
  languageName: node
  linkType: hard

"esbuild-linux-64@npm:0.15.12":
  version: 0.15.12
  resolution: "esbuild-linux-64@npm:0.15.12"
  conditions: os=linux & cpu=x64
  languageName: node
  linkType: hard

"esbuild-linux-arm64@npm:0.15.12":
  version: 0.15.12
  resolution: "esbuild-linux-arm64@npm:0.15.12"
  conditions: os=linux & cpu=arm64
  languageName: node
  linkType: hard

"esbuild-linux-arm@npm:0.15.12":
  version: 0.15.12
  resolution: "esbuild-linux-arm@npm:0.15.12"
  conditions: os=linux & cpu=arm
  languageName: node
  linkType: hard

"esbuild-linux-mips64le@npm:0.15.12":
  version: 0.15.12
  resolution: "esbuild-linux-mips64le@npm:0.15.12"
  conditions: os=linux & cpu=mips64el
  languageName: node
  linkType: hard

"esbuild-linux-ppc64le@npm:0.15.12":
  version: 0.15.12
  resolution: "esbuild-linux-ppc64le@npm:0.15.12"
  conditions: os=linux & cpu=ppc64
  languageName: node
  linkType: hard

"esbuild-linux-riscv64@npm:0.15.12":
  version: 0.15.12
  resolution: "esbuild-linux-riscv64@npm:0.15.12"
  conditions: os=linux & cpu=riscv64
  languageName: node
  linkType: hard

"esbuild-linux-s390x@npm:0.15.12":
  version: 0.15.12
  resolution: "esbuild-linux-s390x@npm:0.15.12"
  conditions: os=linux & cpu=s390x
  languageName: node
  linkType: hard

"esbuild-netbsd-64@npm:0.15.12":
  version: 0.15.12
  resolution: "esbuild-netbsd-64@npm:0.15.12"
  conditions: os=netbsd & cpu=x64
  languageName: node
  linkType: hard

"esbuild-openbsd-64@npm:0.15.12":
  version: 0.15.12
  resolution: "esbuild-openbsd-64@npm:0.15.12"
  conditions: os=openbsd & cpu=x64
  languageName: node
  linkType: hard

"esbuild-sunos-64@npm:0.15.12":
  version: 0.15.12
  resolution: "esbuild-sunos-64@npm:0.15.12"
  conditions: os=sunos & cpu=x64
  languageName: node
  linkType: hard

"esbuild-windows-32@npm:0.15.12":
  version: 0.15.12
  resolution: "esbuild-windows-32@npm:0.15.12"
  conditions: os=win32 & cpu=ia32
  languageName: node
  linkType: hard

"esbuild-windows-64@npm:0.15.12":
  version: 0.15.12
  resolution: "esbuild-windows-64@npm:0.15.12"
  conditions: os=win32 & cpu=x64
  languageName: node
  linkType: hard

"esbuild-windows-arm64@npm:0.15.12":
  version: 0.15.12
  resolution: "esbuild-windows-arm64@npm:0.15.12"
  conditions: os=win32 & cpu=arm64
  languageName: node
  linkType: hard

"esbuild@npm:0.15.12":
  version: 0.15.12
  resolution: "esbuild@npm:0.15.12"
  dependencies:
    "@esbuild/android-arm": 0.15.12
    "@esbuild/linux-loong64": 0.15.12
    esbuild-android-64: 0.15.12
    esbuild-android-arm64: 0.15.12
    esbuild-darwin-64: 0.15.12
    esbuild-darwin-arm64: 0.15.12
    esbuild-freebsd-64: 0.15.12
    esbuild-freebsd-arm64: 0.15.12
    esbuild-linux-32: 0.15.12
    esbuild-linux-64: 0.15.12
    esbuild-linux-arm: 0.15.12
    esbuild-linux-arm64: 0.15.12
    esbuild-linux-mips64le: 0.15.12
    esbuild-linux-ppc64le: 0.15.12
    esbuild-linux-riscv64: 0.15.12
    esbuild-linux-s390x: 0.15.12
    esbuild-netbsd-64: 0.15.12
    esbuild-openbsd-64: 0.15.12
    esbuild-sunos-64: 0.15.12
    esbuild-windows-32: 0.15.12
    esbuild-windows-64: 0.15.12
    esbuild-windows-arm64: 0.15.12
  dependenciesMeta:
    "@esbuild/android-arm":
      optional: true
    "@esbuild/linux-loong64":
      optional: true
    esbuild-android-64:
      optional: true
    esbuild-android-arm64:
      optional: true
    esbuild-darwin-64:
      optional: true
    esbuild-darwin-arm64:
      optional: true
    esbuild-freebsd-64:
      optional: true
    esbuild-freebsd-arm64:
      optional: true
    esbuild-linux-32:
      optional: true
    esbuild-linux-64:
      optional: true
    esbuild-linux-arm:
      optional: true
    esbuild-linux-arm64:
      optional: true
    esbuild-linux-mips64le:
      optional: true
    esbuild-linux-ppc64le:
      optional: true
    esbuild-linux-riscv64:
      optional: true
    esbuild-linux-s390x:
      optional: true
    esbuild-netbsd-64:
      optional: true
    esbuild-openbsd-64:
      optional: true
    esbuild-sunos-64:
      optional: true
    esbuild-windows-32:
      optional: true
    esbuild-windows-64:
      optional: true
    esbuild-windows-arm64:
      optional: true
  bin:
    esbuild: bin/esbuild
  checksum: b344d52c57616917719ac2fa38a58eba7d3c9d2a295116272b3e16a4f6327dc42549274c06560d301f9235a6fe31ccb45499b31d04820dfb8527d89d9766a2ad
  languageName: node
  linkType: hard

"esutils@npm:2.0.3":
  version: 2.0.3
  resolution: "esutils@npm:2.0.3"
  checksum: 22b5b08f74737379a840b8ed2036a5fb35826c709ab000683b092d9054e5c2a82c27818f12604bfc2a9a76b90b6834ef081edbc1c7ae30d1627012e067c6ec87
  languageName: node
  linkType: hard

"prettier@npm:2.7.1":
  version: 2.7.1
  resolution: "prettier@npm:2.7.1"
  bin:
    prettier: bin-prettier.js
  checksum: 55a4409182260866ab31284d929b3cb961e5fdb91fe0d2e099dac92eaecec890f36e524b4c19e6ceae839c99c6d7195817579cdffc8e2c80da0cb794463a748b
  languageName: node
  linkType: hard

"regenerate@npm:1.4.2":
  version: 1.4.2
  resolution: "regenerate@npm:1.4.2"
  checksum: 3317a09b2f802da8db09aa276e469b57a6c0dd818347e05b8862959c6193408242f150db5de83c12c3fa99091ad95fb42a6db2c3329bfaa12a0ea4cbbeb30cb0
  languageName: node
  linkType: hard

"unicode-9.0.0@npm:0.7.5":
  version: 0.7.5
  resolution: "unicode-9.0.0@npm:0.7.5"
  checksum: ae0fb8b84a14fb374cf0d268e6fe54614013e5aac473230794df821cb31462d410d771ff8a3eac684cb882b3e5388df49f8149e0c75fbb87a6b8b4074f397f45
  languageName: node
  linkType: hard
